
Microsoft Visual Studio Solution File, Format Version 12.00
# Visual Studio Version 17
VisualStudioVersion = 17.10.35027.167
MinimumVisualStudioVersion = 10.0.40219.1
Project("{FAE04EC0-301F-11D3-BF4B-00C04F79EFBC}") = "BaseBookDownload.Frm", "BaseBookDownload.Form\BaseBookDownload.Frm.csproj", "{5D92C6CF-CA00-4D3A-BE4A-6866BC68A8AE}"
EndProject
Project("{FAE04EC0-301F-11D3-BF4B-00C04F79EFBC}") = "BookDownload.Form.WebView2", "BookDownload.Form.IEBrowser\BookDownload.Form.WebView2.csproj", "{95958DCB-325C-4C4C-A3F0-B5BFAF36C774}"
EndProject
Project("{FAE04EC0-301F-11D3-BF4B-00C04F79EFBC}") = "BookDownload.Form.Chrome", "BookDownload.Form.Chrome\BookDownload.Form.Chrome.csproj", "{63A2943D-3696-46ED-86E3-CDBBF7B10B53}"
EndProject
Global
	GlobalSection(SolutionConfigurationPlatforms) = preSolution
		Debug|Any CPU = Debug|Any CPU
		Debug|x64 = Debug|x64
		Debug|x86 = Debug|x86
		Release|Any CPU = Release|Any CPU
		Release|x64 = Release|x64
		Release|x86 = Release|x86
	EndGlobalSection
	GlobalSection(ProjectConfigurationPlatforms) = postSolution
		{5D92C6CF-CA00-4D3A-BE4A-6866BC68A8AE}.Debug|Any CPU.ActiveCfg = Debug|Any CPU
		{5D92C6CF-CA00-4D3A-BE4A-6866BC68A8AE}.Debug|x64.ActiveCfg = Debug|x64
		{5D92C6CF-CA00-4D3A-BE4A-6866BC68A8AE}.Debug|x64.Build.0 = Debug|x64
		{5D92C6CF-CA00-4D3A-BE4A-6866BC68A8AE}.Debug|x86.ActiveCfg = Debug|Any CPU
		{5D92C6CF-CA00-4D3A-BE4A-6866BC68A8AE}.Debug|x86.Build.0 = Debug|Any CPU
		{5D92C6CF-CA00-4D3A-BE4A-6866BC68A8AE}.Release|Any CPU.ActiveCfg = Release|Any CPU
		{5D92C6CF-CA00-4D3A-BE4A-6866BC68A8AE}.Release|Any CPU.Build.0 = Release|Any CPU
		{5D92C6CF-CA00-4D3A-BE4A-6866BC68A8AE}.Release|x64.ActiveCfg = Release|x64
		{5D92C6CF-CA00-4D3A-BE4A-6866BC68A8AE}.Release|x64.Build.0 = Release|x64
		{5D92C6CF-CA00-4D3A-BE4A-6866BC68A8AE}.Release|x86.ActiveCfg = Release|Any CPU
		{5D92C6CF-CA00-4D3A-BE4A-6866BC68A8AE}.Release|x86.Build.0 = Release|Any CPU
		{95958DCB-325C-4C4C-A3F0-B5BFAF36C774}.Debug|Any CPU.ActiveCfg = Debug|Any CPU
		{95958DCB-325C-4C4C-A3F0-B5BFAF36C774}.Debug|Any CPU.Build.0 = Debug|Any CPU
		{95958DCB-325C-4C4C-A3F0-B5BFAF36C774}.Debug|x64.ActiveCfg = Debug|x64
		{95958DCB-325C-4C4C-A3F0-B5BFAF36C774}.Debug|x64.Build.0 = Debug|x64
		{95958DCB-325C-4C4C-A3F0-B5BFAF36C774}.Debug|x86.ActiveCfg = Debug|Any CPU
		{95958DCB-325C-4C4C-A3F0-B5BFAF36C774}.Debug|x86.Build.0 = Debug|Any CPU
		{95958DCB-325C-4C4C-A3F0-B5BFAF36C774}.Release|Any CPU.ActiveCfg = Release|Any CPU
		{95958DCB-325C-4C4C-A3F0-B5BFAF36C774}.Release|Any CPU.Build.0 = Release|Any CPU
		{95958DCB-325C-4C4C-A3F0-B5BFAF36C774}.Release|x64.ActiveCfg = Release|x64
		{95958DCB-325C-4C4C-A3F0-B5BFAF36C774}.Release|x64.Build.0 = Release|x64
		{95958DCB-325C-4C4C-A3F0-B5BFAF36C774}.Release|x86.ActiveCfg = Release|Any CPU
		{95958DCB-325C-4C4C-A3F0-B5BFAF36C774}.Release|x86.Build.0 = Release|Any CPU
		{63A2943D-3696-46ED-86E3-CDBBF7B10B53}.Debug|Any CPU.ActiveCfg = Debug|Any CPU
		{63A2943D-3696-46ED-86E3-CDBBF7B10B53}.Debug|Any CPU.Build.0 = Debug|Any CPU
		{63A2943D-3696-46ED-86E3-CDBBF7B10B53}.Debug|x64.ActiveCfg = Debug|x64
		{63A2943D-3696-46ED-86E3-CDBBF7B10B53}.Debug|x64.Build.0 = Debug|x64
		{63A2943D-3696-46ED-86E3-CDBBF7B10B53}.Debug|x86.ActiveCfg = Debug|Any CPU
		{63A2943D-3696-46ED-86E3-CDBBF7B10B53}.Debug|x86.Build.0 = Debug|Any CPU
		{63A2943D-3696-46ED-86E3-CDBBF7B10B53}.Release|Any CPU.ActiveCfg = Release|Any CPU
		{63A2943D-3696-46ED-86E3-CDBBF7B10B53}.Release|Any CPU.Build.0 = Release|Any CPU
		{63A2943D-3696-46ED-86E3-CDBBF7B10B53}.Release|x64.ActiveCfg = Release|x64
		{63A2943D-3696-46ED-86E3-CDBBF7B10B53}.Release|x64.Build.0 = Release|x64
		{63A2943D-3696-46ED-86E3-CDBBF7B10B53}.Release|x86.ActiveCfg = Release|Any CPU
		{63A2943D-3696-46ED-86E3-CDBBF7B10B53}.Release|x86.Build.0 = Release|Any CPU
	EndGlobalSection
	GlobalSection(SolutionProperties) = preSolution
		HideSolutionNode = FALSE
	EndGlobalSection
	GlobalSection(ExtensibilityGlobals) = postSolution
		SolutionGuid = {89E503E5-37B3-4E15-A414-7CF7D81AB6BC}
	EndGlobalSection
EndGlobal
